{
  "name": "dukpt-cli",
  "version": "0.1.0",
  "lockfileVersion": 2,
  "requires": true,
  "packages": {
    "": {
      "version": "0.1.0",
      "license": "ISC",
      "dependencies": {
        "commander": "^7.1.0",
        "crypto-js": "^4.0.0",
        "cryptojs": "^2.5.3",
        "data-crypto": "^1.4.3",
        "dukpt": "^3.0.0",
        "hexy": "^0.3.1",
        "promise-socket": "^7.0.0",
        "struct": "^0.0.12"
      },
      "bin": {
        "dukpt": "dukpt.js"
      }
    },
    "node_modules/aes-js": {
      "version": "2.1.0",
      "resolved": "https://registry.npmjs.org/aes-js/-/aes-js-2.1.0.tgz",
      "integrity": "sha1-K/BLBqBf/ynTjpBI/zDcWfHwzXQ="
    },
    "node_modules/commander": {
      "version": "7.1.0",
      "resolved": "https://registry.npmjs.org/commander/-/commander-7.1.0.tgz",
      "integrity": "sha512-pRxBna3MJe6HKnBGsDyMv8ETbptw3axEdYHoqNh7gu5oDcew8fs0xnivZGm06Ogk8zGAJ9VX+OPEr2GXEQK4dg==",
      "engines": {
        "node": ">= 10"
      }
    },
    "node_modules/core-js": {
      "version": "3.9.1",
      "resolved": "https://registry.npmjs.org/core-js/-/core-js-3.9.1.tgz",
      "integrity": "sha512-gSjRvzkxQc1zjM/5paAmL4idJBFzuJoo+jDjF1tStYFMV2ERfD02HhahhCGXUyHxQRG4yFKVSdO6g62eoRMcDg=="
    },
    "node_modules/crypto-js": {
      "version": "4.0.0",
      "resolved": "https://registry.npmjs.org/crypto-js/-/crypto-js-4.0.0.tgz",
      "integrity": "sha512-bzHZN8Pn+gS7DQA6n+iUmBfl0hO5DJq++QP3U6uTucDtk/0iGpXd/Gg7CGR0p8tJhofJyaKoWBuJI4eAO00BBg=="
    },
    "node_modules/cryptojs": {
      "version": "2.5.3",
      "resolved": "https://registry.npmjs.org/cryptojs/-/cryptojs-2.5.3.tgz",
      "integrity": "sha1-kJVH7PFbrEVuJ1RZs58u9F1/y7k=",
      "engines": {
        "node": "*"
      }
    },
    "node_modules/data-crypto": {
      "version": "1.4.3",
      "resolved": "https://registry.npmjs.org/data-crypto/-/data-crypto-1.4.3.tgz",
      "integrity": "sha512-NF/8he82C52w7eM5SRLTH3rQcQn0uEXnJZ+WdYtpUN7IuGbYk4y12woYam9tKPq3CcleavHuoE90y/VNd+fstg=="
    },
    "node_modules/dukpt": {
      "version": "3.0.0",
      "resolved": "https://registry.npmjs.org/dukpt/-/dukpt-3.0.0.tgz",
      "integrity": "sha512-nj+Ezhi+h9n3iTqGH5KOp1if01nUir+DcgY3/l5VuIdxTjN0KmHvyxkFuomz16wU+ESnj0U54umh/hcPHU0uIA==",
      "dependencies": {
        "aes-js": "2.1.0"
      },
      "engines": {
        "node": ">=6.0.0"
      }
    },
    "node_modules/hexy": {
      "version": "0.3.1",
      "resolved": "https://registry.npmjs.org/hexy/-/hexy-0.3.1.tgz",
      "integrity": "sha512-mUarDrcDM53Hwvlm/sMkFQ1TfxOzLhQlDEaSqpIaQV9b+8u7Ba+dPS7zf/Ivx0CVfGzMBbPwuRUUbFy+5vDD7A==",
      "bin": {
        "hexy": "bin/hexy_cmd.js"
      }
    },
    "node_modules/promise-duplex": {
      "version": "6.0.0",
      "resolved": "https://registry.npmjs.org/promise-duplex/-/promise-duplex-6.0.0.tgz",
      "integrity": "sha512-ZL7rquzjTFzInDBeWYcsT+qddolNvzigahk6MI6qLSbQvlyRRCJkU3JztgaVunzvkH28smRa2Qu/cY9RXtSkgA==",
      "dependencies": {
        "core-js": "^3.6.5",
        "promise-readable": "^6.0.0",
        "promise-writable": "^6.0.0"
      },
      "engines": {
        "node": ">=10.0.0"
      }
    },
    "node_modules/promise-readable": {
      "version": "6.0.0",
      "resolved": "https://registry.npmjs.org/promise-readable/-/promise-readable-6.0.0.tgz",
      "integrity": "sha512-5NxtmUswijvX5cAM0zPSy6yiCXH/eKBpiiBq6JfAUrmngMquMbzcBhF2qA+ocs4rYYKdvAfv3cOvZxADLtL1CA==",
      "dependencies": {
        "core-js": "^3.6.5"
      },
      "engines": {
        "node": ">=10.0.0"
      }
    },
    "node_modules/promise-socket": {
      "version": "7.0.0",
      "resolved": "https://registry.npmjs.org/promise-socket/-/promise-socket-7.0.0.tgz",
      "integrity": "sha512-Oic9BrxmcHOPEnzKp2Js+ehFyvsbd0WxsE5khweCTHuRvdzbXjHUZmSDT6F9TW8SIkAJ0lCzoHjMYnb0WQJPiw==",
      "dependencies": {
        "promise-duplex": "^6.0.0",
        "tslib": "^2.0.1"
      },
      "engines": {
        "node": ">=10.0.0"
      }
    },
    "node_modules/promise-writable": {
      "version": "6.0.0",
      "resolved": "https://registry.npmjs.org/promise-writable/-/promise-writable-6.0.0.tgz",
      "integrity": "sha512-b81zre/itgJFS7dwWzIdKNVVqvLiUxYRS/wolUB0H1YY/tAaS146XGKa4Q/5wCbsnXLyn0MCeV6f8HHe4iUHLg==",
      "engines": {
        "node": ">=10.0.0"
      }
    },
    "node_modules/struct": {
      "version": "0.0.12",
      "resolved": "https://registry.npmjs.org/struct/-/struct-0.0.12.tgz",
      "integrity": "sha1-gzCvhyZk6aW9Z4ZkUkhXxQkIA4o=",
      "engines": {
        "node": ">0.6.0"
      }
    },
    "node_modules/tslib": {
      "version": "2.1.0",
      "resolved": "https://registry.npmjs.org/tslib/-/tslib-2.1.0.tgz",
      "integrity": "sha512-hcVC3wYEziELGGmEEXue7D75zbwIIVUMWAVbHItGPx0ziyXxrOMQx4rQEVEV45Ut/1IotuEvwqPopzIOkDMf0A=="
    }
  },
  "dependencies": {
    "aes-js": {
      "version": "2.1.0",
      "resolved": "https://registry.npmjs.org/aes-js/-/aes-js-2.1.0.tgz",
      "integrity": "sha1-K/BLBqBf/ynTjpBI/zDcWfHwzXQ="
    },
    "commander": {
      "version": "7.1.0",
      "resolved": "https://registry.npmjs.org/commander/-/commander-7.1.0.tgz",
      "integrity": "sha512-pRxBna3MJe6HKnBGsDyMv8ETbptw3axEdYHoqNh7gu5oDcew8fs0xnivZGm06Ogk8zGAJ9VX+OPEr2GXEQK4dg=="
    },
    "core-js": {
      "version": "3.9.1",
      "resolved": "https://registry.npmjs.org/core-js/-/core-js-3.9.1.tgz",
      "integrity": "sha512-gSjRvzkxQc1zjM/5paAmL4idJBFzuJoo+jDjF1tStYFMV2ERfD02HhahhCGXUyHxQRG4yFKVSdO6g62eoRMcDg=="
    },
    "crypto-js": {
      "version": "4.0.0",
      "resolved": "https://registry.npmjs.org/crypto-js/-/crypto-js-4.0.0.tgz",
      "integrity": "sha512-bzHZN8Pn+gS7DQA6n+iUmBfl0hO5DJq++QP3U6uTucDtk/0iGpXd/Gg7CGR0p8tJhofJyaKoWBuJI4eAO00BBg=="
    },
    "cryptojs": {
      "version": "2.5.3",
      "resolved": "https://registry.npmjs.org/cryptojs/-/cryptojs-2.5.3.tgz",
      "integrity": "sha1-kJVH7PFbrEVuJ1RZs58u9F1/y7k="
    },
    "data-crypto": {
      "version": "1.4.3",
      "resolved": "https://registry.npmjs.org/data-crypto/-/data-crypto-1.4.3.tgz",
      "integrity": "sha512-NF/8he82C52w7eM5SRLTH3rQcQn0uEXnJZ+WdYtpUN7IuGbYk4y12woYam9tKPq3CcleavHuoE90y/VNd+fstg=="
    },
    "dukpt": {
      "version": "3.0.0",
      "resolved": "https://registry.npmjs.org/dukpt/-/dukpt-3.0.0.tgz",
      "integrity": "sha512-nj+Ezhi+h9n3iTqGH5KOp1if01nUir+DcgY3/l5VuIdxTjN0KmHvyxkFuomz16wU+ESnj0U54umh/hcPHU0uIA==",
      "requires": {
        "aes-js": "2.1.0"
      }
    },
    "hexy": {
      "version": "0.3.1",
      "resolved": "https://registry.npmjs.org/hexy/-/hexy-0.3.1.tgz",
      "integrity": "sha512-mUarDrcDM53Hwvlm/sMkFQ1TfxOzLhQlDEaSqpIaQV9b+8u7Ba+dPS7zf/Ivx0CVfGzMBbPwuRUUbFy+5vDD7A=="
    },
    "promise-duplex": {
      "version": "6.0.0",
      "resolved": "https://registry.npmjs.org/promise-duplex/-/promise-duplex-6.0.0.tgz",
      "integrity": "sha512-ZL7rquzjTFzInDBeWYcsT+qddolNvzigahk6MI6qLSbQvlyRRCJkU3JztgaVunzvkH28smRa2Qu/cY9RXtSkgA==",
      "requires": {
        "core-js": "^3.6.5",
        "promise-readable": "^6.0.0",
        "promise-writable": "^6.0.0"
      }
    },
    "promise-readable": {
      "version": "6.0.0",
      "resolved": "https://registry.npmjs.org/promise-readable/-/promise-readable-6.0.0.tgz",
      "integrity": "sha512-5NxtmUswijvX5cAM0zPSy6yiCXH/eKBpiiBq6JfAUrmngMquMbzcBhF2qA+ocs4rYYKdvAfv3cOvZxADLtL1CA==",
      "requires": {
        "core-js": "^3.6.5"
      }
    },
    "promise-socket": {
      "version": "7.0.0",
      "resolved": "https://registry.npmjs.org/promise-socket/-/promise-socket-7.0.0.tgz",
      "integrity": "sha512-Oic9BrxmcHOPEnzKp2Js+ehFyvsbd0WxsE5khweCTHuRvdzbXjHUZmSDT6F9TW8SIkAJ0lCzoHjMYnb0WQJPiw==",
      "requires": {
        "promise-duplex": "^6.0.0",
        "tslib": "^2.0.1"
      }
    },
    "promise-writable": {
      "version": "6.0.0",
      "resolved": "https://registry.npmjs.org/promise-writable/-/promise-writable-6.0.0.tgz",
      "integrity": "sha512-b81zre/itgJFS7dwWzIdKNVVqvLiUxYRS/wolUB0H1YY/tAaS146XGKa4Q/5wCbsnXLyn0MCeV6f8HHe4iUHLg=="
    },
    "struct": {
      "version": "0.0.12",
      "resolved": "https://registry.npmjs.org/struct/-/struct-0.0.12.tgz",
      "integrity": "sha1-gzCvhyZk6aW9Z4ZkUkhXxQkIA4o="
    },
    "tslib": {
      "version": "2.1.0",
      "resolved": "https://registry.npmjs.org/tslib/-/tslib-2.1.0.tgz",
      "integrity": "sha512-hcVC3wYEziELGGmEEXue7D75zbwIIVUMWAVbHItGPx0ziyXxrOMQx4rQEVEV45Ut/1IotuEvwqPopzIOkDMf0A=="
    }
  }
}
