{
  "name": "dukpt-cli",
  "version": "0.0.1",
  "lockfileVersion": 2,
  "requires": true,
  "packages": {
    "": {
      "version": "0.0.1",
      "license": "ISC",
      "dependencies": {
        "commander": "^7.1.0",
        "data-crypto": "^1.4.3",
        "dukpt": "^3.0.0",
        "struct": "^0.0.12"
      },
      "bin": {
        "dukpt": "dukpt.js"
      }
    },
    "node_modules/aes-js": {
      "version": "2.1.0",
      "resolved": "https://registry.npmjs.org/aes-js/-/aes-js-2.1.0.tgz",
      "integrity": "sha1-K/BLBqBf/ynTjpBI/zDcWfHwzXQ="
    },
    "node_modules/commander": {
      "version": "7.1.0",
      "resolved": "https://registry.npmjs.org/commander/-/commander-7.1.0.tgz",
      "integrity": "sha512-pRxBna3MJe6HKnBGsDyMv8ETbptw3axEdYHoqNh7gu5oDcew8fs0xnivZGm06Ogk8zGAJ9VX+OPEr2GXEQK4dg==",
      "engines": {
        "node": ">= 10"
      }
    },
    "node_modules/data-crypto": {
      "version": "1.4.3",
      "resolved": "https://registry.npmjs.org/data-crypto/-/data-crypto-1.4.3.tgz",
      "integrity": "sha512-NF/8he82C52w7eM5SRLTH3rQcQn0uEXnJZ+WdYtpUN7IuGbYk4y12woYam9tKPq3CcleavHuoE90y/VNd+fstg=="
    },
    "node_modules/dukpt": {
      "version": "3.0.0",
      "resolved": "https://registry.npmjs.org/dukpt/-/dukpt-3.0.0.tgz",
      "integrity": "sha512-nj+Ezhi+h9n3iTqGH5KOp1if01nUir+DcgY3/l5VuIdxTjN0KmHvyxkFuomz16wU+ESnj0U54umh/hcPHU0uIA==",
      "dependencies": {
        "aes-js": "2.1.0"
      },
      "engines": {
        "node": ">=6.0.0"
      }
    },
    "node_modules/struct": {
      "version": "0.0.12",
      "resolved": "https://registry.npmjs.org/struct/-/struct-0.0.12.tgz",
      "integrity": "sha1-gzCvhyZk6aW9Z4ZkUkhXxQkIA4o=",
      "engines": {
        "node": ">0.6.0"
      }
    }
  },
  "dependencies": {
    "aes-js": {
      "version": "2.1.0",
      "resolved": "https://registry.npmjs.org/aes-js/-/aes-js-2.1.0.tgz",
      "integrity": "sha1-K/BLBqBf/ynTjpBI/zDcWfHwzXQ="
    },
    "commander": {
      "version": "7.1.0",
      "resolved": "https://registry.npmjs.org/commander/-/commander-7.1.0.tgz",
      "integrity": "sha512-pRxBna3MJe6HKnBGsDyMv8ETbptw3axEdYHoqNh7gu5oDcew8fs0xnivZGm06Ogk8zGAJ9VX+OPEr2GXEQK4dg=="
    },
    "data-crypto": {
      "version": "1.4.3",
      "resolved": "https://registry.npmjs.org/data-crypto/-/data-crypto-1.4.3.tgz",
      "integrity": "sha512-NF/8he82C52w7eM5SRLTH3rQcQn0uEXnJZ+WdYtpUN7IuGbYk4y12woYam9tKPq3CcleavHuoE90y/VNd+fstg=="
    },
    "dukpt": {
      "version": "3.0.0",
      "resolved": "https://registry.npmjs.org/dukpt/-/dukpt-3.0.0.tgz",
      "integrity": "sha512-nj+Ezhi+h9n3iTqGH5KOp1if01nUir+DcgY3/l5VuIdxTjN0KmHvyxkFuomz16wU+ESnj0U54umh/hcPHU0uIA==",
      "requires": {
        "aes-js": "2.1.0"
      }
    },
    "struct": {
      "version": "0.0.12",
      "resolved": "https://registry.npmjs.org/struct/-/struct-0.0.12.tgz",
      "integrity": "sha1-gzCvhyZk6aW9Z4ZkUkhXxQkIA4o="
    }
  }
}
